[[package]]
name = "anyascii"
version = "0.3.2"
description = "Unicode to ASCII transliteration"
category = "main"
optional = false
python-versions = ">=3.3"

[[package]]
name = "asgiref"
version = "3.7.2"
description = "ASGI specs, helper code, and adapters"
category = "main"
optional = false
python-versions = ">=3.7"

[package.dependencies]
typing-extensions = {version = ">=4", markers = "python_version < \"3.11\""}

[package.extras]
tests = ["pytest", "pytest-asyncio", "mypy (>=0.800)"]

[[package]]
name = "beautifulsoup4"
version = "4.9.3"
description = "Screen-scraping library"
category = "main"
optional = false
python-versions = "*"

[package.dependencies]
soupsieve = {version = ">1.2", markers = "python_version >= \"3.0\""}

[package.extras]
html5lib = ["html5lib"]
lxml = ["lxml"]

[[package]]
name = "certifi"
version = "2024.2.2"
description = "Python package for providing Mozilla's CA Bundle."
category = "main"
optional = false
python-versions = ">=3.6"

[[package]]
name = "charset-normalizer"
version = "2.0.12"
description = "The Real First Universal Charset Detector. Open, modern and actively maintained alternative to Chardet."
category = "main"
optional = false
python-versions = ">=3.5.0"

[package.extras]
unicode_backport = ["unicodedata2"]

[[package]]
name = "django"
version = "4.0.10"
description = "A high-level Python web framework that encourages rapid development and clean, pragmatic design."
category = "main"
optional = false
python-versions = ">=3.8"

[package.dependencies]
asgiref = ">=3.4.1,<4"
sqlparse = ">=0.2.2"
tzdata = {version = "*", markers = "sys_platform == \"win32\""}

[package.extras]
argon2 = ["argon2-cffi (>=19.1.0)"]
bcrypt = ["bcrypt"]

[[package]]
name = "django-filter"
version = "21.1"
description = "Django-filter is a reusable Django application for allowing users to filter querysets dynamically."
category = "main"
optional = false
python-versions = ">=3.6"

[package.dependencies]
Django = ">=2.2"

[[package]]
name = "django-modelcluster"
version = "5.3"
description = "Django extension to allow working with 'clusters' of models as a single unit, independently of the database"
category = "main"
optional = false
python-versions = ">=3.5"

[package.dependencies]
pytz = ">=2015.2"

[package.extras]
taggit = ["django-taggit (>=0.20)"]

[[package]]
name = "django-taggit"
version = "2.1.0"
description = "django-taggit is a reusable Django application for simple tagging."
category = "main"
optional = false
python-versions = ">=3.6"

[package.dependencies]
Django = ">=2.2"

[[package]]
name = "django-treebeard"
version = "4.7.1"
description = "Efficient tree implementations for Django"
category = "main"
optional = false
python-versions = ">=3.8"

[package.dependencies]
Django = ">=3.2"

[[package]]
name = "djangorestframework"
version = "3.14.0"
description = "Web APIs for Django, made easy."
category = "main"
optional = false
python-versions = ">=3.6"

[package.dependencies]
django = ">=3.0"
pytz = "*"

[[package]]
name = "draftjs-exporter"
version = "2.1.7"
description = "Library to convert rich text from Draft.js raw ContentState to HTML"
category = "main"
optional = false
python-versions = "*"

[package.extras]
html5lib = ["beautifulsoup4 (>=4.4.1,<5)", "html5lib (>=0.999,<=1.0.1)"]
lxml = ["lxml (>=4.2.0,<5)"]
testing = ["tox (>=2.3.1)", "markov-draftjs (==0.1.1)", "memory-profiler (==0.47)", "psutil (==5.4.1)", "coverage (>=4.1.0)", "flake8 (>=3.2.0)", "isort (==4.2.5)", "beautifulsoup4 (>=4.4.1,<5)", "html5lib (>=0.999,<=1.0.1)", "lxml (>=4.2.0,<5)"]

[[package]]
name = "et-xmlfile"
version = "1.1.0"
description = "An implementation of lxml.xmlfile for the standard library"
category = "main"
optional = false
python-versions = ">=3.6"

[[package]]
name = "html5lib"
version = "1.1"
description = "HTML parser based on the WHATWG HTML specification"
category = "main"
optional = false
python-versions = ">=2.7, !=3.0.*, !=3.1.*, !=3.2.*, !=3.3.*, !=3.4.*"

[package.dependencies]
six = ">=1.9"
webencodings = "*"

[package.extras]
all = ["genshi", "chardet (>=2.2)", "lxml"]
chardet = ["chardet (>=2.2)"]
genshi = ["genshi"]
lxml = ["lxml"]

[[package]]
name = "idna"
version = "3.6"
description = "Internationalized Domain Names in Applications (IDNA)"
category = "main"
optional = false
python-versions = ">=3.5"

[[package]]
name = "l18n"
version = "2021.3"
description = "Internationalization for pytz timezones and territories"
category = "main"
optional = false
python-versions = "*"

[package.dependencies]
pytz = ">=2020.1"
six = "*"

[[package]]
name = "openpyxl"
version = "3.1.2"
description = "A Python library to read/write Excel 2010 xlsx/xlsm files"
category = "main"
optional = false
python-versions = ">=3.6"

[package.dependencies]
et-xmlfile = "*"

[[package]]
name = "pillow"
version = "9.5.0"
description = "Python Imaging Library (Fork)"
category = "main"
optional = false
python-versions = ">=3.7"

[package.extras]
docs = ["furo", "olefile", "sphinx (>=2.4)", "sphinx-copybutton", "sphinx-inline-tabs", "sphinx-removed-in", "sphinxext-opengraph"]
tests = ["check-manifest", "coverage", "defusedxml", "markdown2", "olefile", "packaging", "pyroma", "pytest", "pytest-cov", "pytest-timeout"]

[[package]]
name = "pytz"
version = "2024.1"
description = "World timezone definitions, modern and historical"
category = "main"
optional = false
python-versions = "*"

[[package]]
name = "requests"
version = "2.27.1"
description = "Python HTTP for Humans."
category = "main"
optional = false
python-versions = ">=2.7, !=3.0.*, !=3.1.*, !=3.2.*, !=3.3.*, !=3.4.*, !=3.5.*"

[package.dependencies]
certifi = ">=2017.4.17"
charset-normalizer = {version = ">=2.0.0,<2.1.0", markers = "python_version >= \"3\""}
idna = {version = ">=2.5,<4", markers = "python_version >= \"3\""}
urllib3 = ">=1.21.1,<1.27"

[package.extras]
socks = ["PySocks (>=1.5.6,!=1.5.7)", "win-inet-pton"]
use_chardet_on_py3 = ["chardet (>=3.0.2,<5)"]

[[package]]
name = "six"
version = "1.16.0"
description = "Python 2 and 3 compatibility utilities"
category = "main"
optional = false
python-versions = ">=2.7, !=3.0.*, !=3.1.*, !=3.2.*"

[[package]]
name = "soupsieve"
version = "2.5"
description = "A modern CSS selector implementation for Beautiful Soup."
category = "main"
optional = false
python-versions = ">=3.8"

[[package]]
name = "sqlparse"
version = "0.4.4"
description = "A non-validating SQL parser."
category = "main"
optional = false
python-versions = ">=3.5"

[package.extras]
dev = ["flake8", "build"]
doc = ["sphinx"]
test = ["pytest", "pytest-cov"]

[[package]]
name = "tablib"
version = "3.5.0"
description = "Format agnostic tabular data library (XLS, JSON, YAML, CSV, etc.)"
category = "main"
optional = false
python-versions = ">=3.8"

[package.dependencies]
openpyxl = {version = ">=2.6.0", optional = true, markers = "extra == \"xlsx\""}
xlrd = {version = "*", optional = true, markers = "extra == \"xls\""}
xlwt = {version = "*", optional = true, markers = "extra == \"xls\""}

[package.extras]
all = ["markuppy", "odfpy", "openpyxl (>=2.6.0)", "pandas", "pyyaml", "tabulate", "xlrd", "xlwt"]
cli = ["tabulate"]
html = ["markuppy"]
ods = ["odfpy"]
pandas = ["pandas"]
xls = ["xlrd", "xlwt"]
xlsx = ["openpyxl (>=2.6.0)"]
yaml = ["pyyaml"]

[[package]]
name = "telepath"
version = "0.3.1"
description = "A library for exchanging data between Python and JavaScript"
category = "main"
optional = false
python-versions = ">=3.8"

[package.extras]
docs = ["mkdocs (>=1.1,<1.2)", "mkdocs-material (>=6.2,<6.3)"]

[[package]]
name = "typing-extensions"
version = "4.9.0"
description = "Backported and Experimental Type Hints for Python 3.8+"
category = "main"
optional = false
python-versions = ">=3.8"

[[package]]
name = "tzdata"
version = "2024.1"
description = "Provider of IANA time zone data"
category = "main"
optional = false
python-versions = ">=2"

[[package]]
name = "urllib3"
version = "1.26.18"
description = "HTTP library with thread-safe connection pooling, file post, and more."
category = "main"
optional = false
python-versions = ">=2.7, !=3.0.*, !=3.1.*, !=3.2.*, !=3.3.*, !=3.4.*, !=3.5.*"

[package.extras]
brotli = ["brotlicffi (>=0.8.0)", "brotli (==1.0.9)", "brotlipy (>=0.6.0)", "brotli (>=1.0.9)"]
secure = ["pyOpenSSL (>=0.14)", "cryptography (>=1.3.4)", "idna (>=2.0.0)", "certifi", "urllib3-secure-extra", "ipaddress"]
socks = ["PySocks (>=1.5.6,!=1.5.7,<2.0)"]

[[package]]
name = "wagtail"
version = "2.16.1"
description = "A Django content management system."
category = "main"
optional = false
python-versions = ">=3.7"

[package.dependencies]
anyascii = ">=0.1.5"
beautifulsoup4 = ">=4.8,<4.10"
Django = ">=3.2,<4.1"
django-filter = ">=2.2,<22"
django-modelcluster = ">=5.2,<6.0"
django-taggit = ">=2.0,<3.0"
django-treebeard = ">=4.2.0,<4.5 || >4.5,<5.0"
djangorestframework = ">=3.11.1,<4.0"
draftjs-exporter = ">=2.1.5,<3.0"
html5lib = ">=0.999,<2"
l18n = ">=2018.5"
Pillow = ">=4.0.0,<10.0.0"
requests = ">=2.11.1,<3.0"
tablib = {version = ">=0.14.0", extras = ["xls", "xlsx"]}
telepath = ">=0.1.1,<1"
Willow = ">=1.4,<1.5"
xlsxwriter = ">=1.2.8,<4.0"

[package.extras]
docs = ["pyenchant (>=3.1.1,<4)", "sphinxcontrib-spelling (>=5.4.0,<6)", "Sphinx (>=1.5.2)", "sphinx-autobuild (>=0.6.0)", "sphinx-wagtail-theme (==5.0.4)", "recommonmark (>=0.7.1)"]
testing = ["python-dateutil (>=2.7)", "pytz (>=2014.7)", "elasticsearch (>=5.0,<6.0)", "Jinja2 (>=2.11,<3.0)", "boto3 (>=1.16,<1.17)", "freezegun (>=0.3.8)", "openpyxl (>=2.6.4)", "Unidecode (>=0.04.14,<2.0)", "azure-mgmt-cdn (>=5.1,<6.0)", "azure-mgmt-frontdoor (>=0.3,<0.4)", "coverage (>=3.7.0)", "flake8 (>=3.6.0)", "isort (==5.6.4)", "flake8-blind-except (==0.1.1)", "flake8-print (==2.0.2)", "doc8 (==0.8.1)", "jinjalint (>=0.5)", "docutils (==0.15)", "polib (>=1.1,<2.0)"]

[[package]]
name = "webencodings"
version = "0.5.1"
description = "Character encoding aliases for legacy web content"
category = "main"
optional = false
python-versions = "*"

[[package]]
name = "willow"
version = "1.4.1"
description = "A Python image library that sits on top of Pillow, Wand and OpenCV"
category = "main"
optional = false
python-versions = ">=2.7,!=3.0.*,!=3.1.*,!=3.2.*,!=3.3.*,!=3.4.*"

[package.extras]
testing = ["Pillow (>=6.0.0,<10.0.0)", "Wand (>=0.6,<1.0)", "mock (>=3.0,<4.0)"]

[[package]]
name = "xlrd"
version = "2.0.1"
description = "Library for developers to extract data from Microsoft Excel (tm) .xls spreadsheet files"
category = "main"
optional = false
python-versions = ">=2.7, !=3.0.*, !=3.1.*, !=3.2.*, !=3.3.*, !=3.4.*, !=3.5.*"

[package.extras]
build = ["wheel", "twine"]
docs = ["sphinx"]
test = ["pytest", "pytest-cov"]

[[package]]
name = "xlsxwriter"
version = "3.1.9"
description = "A Python module for creating Excel XLSX files."
category = "main"
optional = false
python-versions = ">=3.6"

[[package]]
name = "xlwt"
version = "1.3.0"
description = "Library to create spreadsheet files compatible with MS Excel 97/2000/XP/2003 XLS files, on any platform, with Python 2.6, 2.7, 3.3+"
category = "main"
optional = false
python-versions = "*"

[metadata]
lock-version = "1.1"
python-versions = "^3.10"
content-hash = "f300d789505089f99bc8aeb64590bb17f0ef40ac883a7d006a0bcea30394bf61"

[metadata.files]
anyascii = []
asgiref = []
beautifulsoup4 = []
certifi = []
charset-normalizer = []
django = []
django-filter = []
django-modelcluster = []
django-taggit = []
django-treebeard = []
djangorestframework = []
draftjs-exporter = []
et-xmlfile = []
html5lib = []
idna = []
l18n = []
openpyxl = []
pillow = []
pytz = []
requests = []
six = []
soupsieve = []
sqlparse = []
tablib = []
telepath = []
typing-extensions = []
tzdata = []
urllib3 = []
wagtail = []
webencodings = []
willow = []
xlrd = []
xlsxwriter = []
xlwt = []
